
Microsoft Visual Studio Solution File, Format Version 12.00
# Visual Studio Version 17
VisualStudioVersion = 17.14.37111.16 d17.14
MinimumVisualStudioVersion = 10.0.40219.1
Project("{FAE04EC0-301F-11D3-BF4B-00C04F79EFBC}") = "WeatherApp", "WeatherApp.csproj", "{35F2F483-4D57-F78B-D3BC-101A6B166E61}"
EndProject
Project("{FAE04EC0-301F-11D3-BF4B-00C04F79EFBC}") = "WeatherApp.Tests", "..\WeatherApp.Test\WeatherApp.Tests.csproj", "{8A271993-098D-40C0-883D-1940461B5481}"
	ProjectSection(ProjectDependencies) = postProject
		{35F2F483-4D57-F78B-D3BC-101A6B166E61} = {35F2F483-4D57-F78B-D3BC-101A6B166E61}
	EndProjectSection
EndProject
Global
	GlobalSection(SolutionConfigurationPlatforms) = preSolution
		Debug|Any CPU = Debug|Any CPU
		Release|Any CPU = Release|Any CPU
	EndGlobalSection
	GlobalSection(ProjectConfigurationPlatforms) = postSolution
		{35F2F483-4D57-F78B-D3BC-101A6B166E61}.Debug|Any CPU.ActiveCfg = Debug|Any CPU
		{35F2F483-4D57-F78B-D3BC-101A6B166E61}.Debug|Any CPU.Build.0 = Debug|Any CPU
		{35F2F483-4D57-F78B-D3BC-101A6B166E61}.Release|Any CPU.ActiveCfg = Release|Any CPU
		{35F2F483-4D57-F78B-D3BC-101A6B166E61}.Release|Any CPU.Build.0 = Release|Any CPU
		{8A271993-098D-40C0-883D-1940461B5481}.Debug|Any CPU.ActiveCfg = Debug|Any CPU
		{8A271993-098D-40C0-883D-1940461B5481}.Debug|Any CPU.Build.0 = Debug|Any CPU
		{8A271993-098D-40C0-883D-1940461B5481}.Release|Any CPU.ActiveCfg = Release|Any CPU
		{8A271993-098D-40C0-883D-1940461B5481}.Release|Any CPU.Build.0 = Release|Any CPU
	EndGlobalSection
	GlobalSection(SolutionProperties) = preSolution
		HideSolutionNode = FALSE
	EndGlobalSection
	GlobalSection(ExtensibilityGlobals) = postSolution
		SolutionGuid = {AD4C81A8-84F8-4EB1-A565-768343380DD7}
	EndGlobalSection
EndGlobal
